{
    "_meta": {
        "hash": {
            "sha256": "592c36882de66e570e0d3092ddf3d4a987d1f40b66b73c2b86ff0109ac194c63"
        },
        "pipfile-spec": 6,
        "requires": {
            "python_full_version": "3.11.0",
            "python_version": "3.11"
        },
        "sources": [
            {
                "name": "pypi",
                "url": "https://mirrors.aliyun.com/pypi/simple",
                "verify_ssl": true
            }
        ]
    },
    "default": {},
    "develop": {}
}
