{
    "_meta": {
        "hash": {
            "sha256": "4f2efe96dc0195f64b4ca91e60415fb55f5ee953d3e74e41e27306fbfff88425"
        },
        "pipfile-spec": 6,
        "requires": {
            "python_full_version": "3.11.0",
            "python_version": "3.11"
        },
        "sources": [
            {
                "name": "pypi",
                "url": "https://pypi.org/simple",
                "verify_ssl": true
            }
        ]
    },
    "default": {
        "pymysql": {
            "hashes": [
                "sha256:3dda943ef3694068a75d69d071755dbecacee1adf9a1fc5b206830d2b67d25e8",
                "sha256:89fc6ae41c0aeb6e1f7710cdd623702ea2c54d040565767a78b00a5ebb12f4e5"
            ],
            "index": "pypi",
            "version": "==1.0.3"
        }
    },
    "develop": {}
}
