{
    "_meta": {
        "hash": {
            "sha256": "12978fe05282d1ecf79226aacbc4321576151b2b84c13fac5ca1a0476d930539"
        },
        "pipfile-spec": 6,
        "requires": {
            "python_full_version": "3.11.0",
            "python_version": "3.11"
        },
        "sources": [
            {
                "name": "pypi",
                "url": "https://mirrors.aliyun.com/pypi/simple",
                "verify_ssl": true
            }
        ]
    },
    "default": {
        "pymysql": {
            "hashes": [
                "sha256:1ebdce36061c61fe32d3156825768236ac19b62b23180e1667032b2c690921c7",
                "sha256:b2508a7dc6b626210e52f711d2c2361d102d8d9b8b144e63b2512e748de1a49b"
            ],
            "index": "pypi",
            "version": "==1.0.0"
        }
    },
    "develop": {}
}
